version = 1
revision = 3
requires-python = ">=3.12"

[[package]]
name = "apfs-hcp-patcher"
version = "0.1.0"
source = { editable = "." }

[package.optional-dependencies]
lief = [
    { name = "lief" },
]

[package.dev-dependencies]
dev = [
    { name = "poethepoet" },
    { name = "ruff" },
    { name = "ty" },
]

[package.metadata]
requires-dist = [{ name = "lief", marker = "extra == 'lief'", specifier = ">=0.17.1" }]
provides-extras = ["lief"]

[package.metadata.requires-dev]
dev = [
    { name = "poethepoet", specifier = ">=0.38.0" },
    { name = "ruff", specifier = ">=0.14.10" },
    { name = "ty", specifier = ">=0.0.5" },
]

[[package]]
name = "lief"
version = "0.17.1"
source = { registry = "https://pypi.org/simple" }
wheels = [
    { url = "https://files.pythonhosted.org/packages/ad/90/09ab478d99c2a7dc5f5b82beee777e13257477eb1c123820778fa8acb66a/lief-0.17.1-cp312-cp312-macosx_11_0_arm64.whl", hash = "sha256:48a8d96e0132323cca4d065f2767db5c30cc80ebcf13ced387db2b1f743a0d1c", size = 2993876, upload-time = "2025-10-25T13:14:51.501Z" },
    { url = "https://files.pythonhosted.org/packages/e5/f5/b0fa0504adad771c92ba9e01c715054708ef408abe948cb711e36e60a44f/lief-0.17.1-cp312-cp312-macosx_11_0_x86_64.whl", hash = "sha256:a89bc93808e870341067252b349bdc98135f006456b0bead99f5544ccb627ff7", size = 3106973, upload-time = "2025-10-25T13:14:54.868Z" },
    { url = "https://files.pythonhosted.org/packages/c7/4c/ede797fdaaffd77028c6eddac21f2bb23ea6cfbef7578cda3c1624559d3b/lief-0.17.1-cp312-cp312-manylinux2014_aarch64.whl", hash = "sha256:629e92ec77ce7d1c6842f89ee155c61b70aefc02477b9d579da0a5c274aaf84c", size = 3669706, upload-time = "2025-10-25T13:14:57.987Z" },
    { url = "https://files.pythonhosted.org/packages/4d/25/301afca668eab4429d6cda399907c1a47241a2770398eb2ddd761463ab6d/lief-0.17.1-cp312-cp312-manylinux_2_28_i686.whl", hash = "sha256:594bb50ab54c3ad280c57bb9b34f8f13137952db36709a2cd925558eaad268d4", size = 3501905, upload-time = "2025-10-25T13:15:00.797Z" },
    { url = "https://files.pythonhosted.org/packages/b1/f8/9dcc8225c3ab39561509f9bf9c94d541e61c624a3509b54d65b1cf987ab6/lief-0.17.1-cp312-cp312-manylinux_2_28_x86_64.whl", hash = "sha256:b204c1f0dfeb820c7982fe40924cd147bc11b1c598d27acddb1ba64a5c653f1b", size = 3405030, upload-time = "2025-10-25T13:15:03.491Z" },
    { url = "https://files.pythonhosted.org/packages/0e/14/acdf8d9a3f4c0f6c32ed13facfe52366628b075435277f53c9e56105b090/lief-0.17.1-cp312-cp312-musllinux_1_2_aarch64.whl", hash = "sha256:d9c07ca8e8c2b0d72281fb5e52568b95e893a7d6fb0a84c4af3c58cc10b73892", size = 3591310, upload-time = "2025-10-25T13:15:06.349Z" },
    { url = "https://files.pythonhosted.org/packages/db/a8/bd51d2a7c1bcf2dff9f7336b07466db9e8af1c924a7def5770450a624082/lief-0.17.1-cp312-cp312-musllinux_1_2_i686.whl", hash = "sha256:9657541b8e7a43cd0fc52300cacc1a5e1d2023eec4a1929554493932e630e7b1", size = 3958475, upload-time = "2025-10-25T13:15:08.514Z" },
    { url = "https://files.pythonhosted.org/packages/c3/97/d4b9f0015b2b489687053df503224789dd881c2998817811e520e19811e7/lief-0.17.1-cp312-cp312-musllinux_1_2_x86_64.whl", hash = "sha256:479bc9464e8c4af1eaeb0faa77d0dd02d57b6d7bd146a73d494443b618ff5043", size = 3705518, upload-time = "2025-10-25T13:15:11.072Z" },
    { url = "https://files.pythonhosted.org/packages/11/bd/9cee7f6233f100ce424d7b5827418ddd2aac2190a2069d34296147f8070d/lief-0.17.1-cp312-cp312-win32.whl", hash = "sha256:86c130a0ec2fc3ebb0a230491fd176aa2f26dc4f87a261932046fe3f6c4fd8a6", size = 3459261, upload-time = "2025-10-25T13:15:12.902Z" },
    { url = "https://files.pythonhosted.org/packages/09/48/e5c04d04c59db2ef370562f52d24e1f03ca0c190c32b4dc3ac01f73ef731/lief-0.17.1-cp312-cp312-win_amd64.whl", hash = "sha256:72cc7c8b2f9f2e1ad19d6b771dc9865f4e3656fd99a057e9b01c02207c9c7e25", size = 3637722, upload-time = "2025-10-25T13:15:15.142Z" },
    { url = "https://files.pythonhosted.org/packages/52/b6/9e5945608391c18c675ba2db3dbbfd09a59d1d5006cc8edfbbf4ccad3432/lief-0.17.1-cp312-cp312-win_arm64.whl", hash = "sha256:9f0b267b0771af1ef9de64e437391282e57009e68d509146ae76de1588da0cbf", size = 3473218, upload-time = "2025-10-25T13:15:16.862Z" },
    { url = "https://files.pythonhosted.org/packages/cd/b3/e9726aca37abf36125cf1503678cf7dc628a38b82cdbaffa81175afa09d3/lief-0.17.1-cp313-cp313-macosx_11_0_arm64.whl", hash = "sha256:dfde4ee44c34affe1fbe25177553deff0d38152d5e98fcf5409ea7f2133e4643", size = 3000642, upload-time = "2025-10-25T13:15:18.483Z" },
    { url = "https://files.pythonhosted.org/packages/b4/3a/6d70ed31450b065425f8c70de546a062ca2fbc70aab378d872e5f127f93c/lief-0.17.1-cp313-cp313-macosx_11_0_x86_64.whl", hash = "sha256:68fff6f4cb32b0cd674cb292e8c9e00bd60d5ccf978da345772c591247ebacd3", size = 3106802, upload-time = "2025-10-25T13:15:20.219Z" },
    { url = "https://files.pythonhosted.org/packages/31/e1/4ebf6fc0722a5792eaad27912443f9f2dd89b932f1a16cc815dcefc997f3/lief-0.17.1-cp313-cp313-manylinux2014_aarch64.whl", hash = "sha256:311a9e785c7681a09ea4b288ce12fe667d353ede1a65e44bda580f209064d7ab", size = 3674232, upload-time = "2025-10-25T13:15:22.376Z" },
    { url = "https://files.pythonhosted.org/packages/b3/f5/e9855762fa36d6525984fc5864e4cc0a060277ce9539d9eb1c9efd3ee52e/lief-0.17.1-cp313-cp313-manylinux_2_28_i686.whl", hash = "sha256:ed967b1155fa55f6d4f7ce6e250c17ae6ab59bf1dc21088f665c6d1b0582eecf", size = 3501766, upload-time = "2025-10-25T13:15:23.894Z" },
    { url = "https://files.pythonhosted.org/packages/db/ef/3b78416a66ddb602030b7b7baed297eb4f55acd31c3fb9d42bbda3ff129d/lief-0.17.1-cp313-cp313-manylinux_2_28_x86_64.whl", hash = "sha256:72d52cceb92886e14c79b0fa62c4ae1fbe70888377b32a708d7f38c3c27447fa", size = 3404670, upload-time = "2025-10-25T13:15:25.961Z" },
    { url = "https://files.pythonhosted.org/packages/dc/28/dc2e94a10fc5d23ca54b94017c117e5dd7231163d4c7a70fc9b3db24d2ea/lief-0.17.1-cp313-cp313-musllinux_1_2_aarch64.whl", hash = "sha256:69eb6fa86c785d17eabbfc780bf319b0a989303f74772f351be2ac4a65f442c4", size = 3592704, upload-time = "2025-10-25T13:15:28.82Z" },
    { url = "https://files.pythonhosted.org/packages/7e/e2/1cf5e401618eaa4295b9763cbed218364889d273e9934b00dc9f2fed2782/lief-0.17.1-cp313-cp313-musllinux_1_2_i686.whl", hash = "sha256:a8421dfd29056675516b1c7f8e84a4e5d0c12fc71f832263feecbade44b70610", size = 3958662, upload-time = "2025-10-25T13:15:30.752Z" },
    { url = "https://files.pythonhosted.org/packages/0e/3d/58b00ada92385f4f1b8aceed5489564552cbfa277f98d751143bd0ae94ad/lief-0.17.1-cp313-cp313-musllinux_1_2_x86_64.whl", hash = "sha256:f9dff0644ed434d679411e31d9b000792f28bdec9f12e699b9adc239edc4d81e", size = 3705611, upload-time = "2025-10-25T13:15:32.629Z" },
    { url = "https://files.pythonhosted.org/packages/99/e6/96ef47c1d1cecb6ea00ba72589d1e1de49a59981c461da020a2a4d028338/lief-0.17.1-cp313-cp313-win32.whl", hash = "sha256:571b830523037efbfb9fcd58707c715ae417e2514e5abb3b03dc67b4c50f47fe", size = 3459075, upload-time = "2025-10-25T13:15:34.723Z" },
    { url = "https://files.pythonhosted.org/packages/29/b6/90960127904fe6120ac76376db72fab88431235e2fce591d2b763de20546/lief-0.17.1-cp313-cp313-win_amd64.whl", hash = "sha256:7ada5acf4d83b5252c5fa46da3ff20c396bcdfa7aeb800c5dd28f8faa6827184", size = 3637804, upload-time = "2025-10-25T13:15:36.823Z" },
    { url = "https://files.pythonhosted.org/packages/2e/7a/4c4b500dfc57e31d4fbe48f9fbb52970265c78d0c8508366957e6d679126/lief-0.17.1-cp313-cp313-win_arm64.whl", hash = "sha256:52fb1bff33cc8e2d3da8a2b426e9f8e5bdb334e351e70bc21b87db374fd4a837", size = 3472733, upload-time = "2025-10-25T13:15:38.957Z" },
    { url = "https://files.pythonhosted.org/packages/61/37/5061da652816cfdecb0380a0e9722c8c12586d0182e8704d93b414461619/lief-0.17.1-cp314-cp314-macosx_11_0_arm64.whl", hash = "sha256:94505d03c63f68a2f740b72e87ae4fc80eff7c5e63c7d09582535888ef676d5c", size = 3000314, upload-time = "2025-10-25T13:15:40.56Z" },
    { url = "https://files.pythonhosted.org/packages/1e/bb/0486aaebdaea9971b96d7c3aa1f7d566243ad9511a1fb735d08b8b2717ed/lief-0.17.1-cp314-cp314-macosx_11_0_x86_64.whl", hash = "sha256:9198f88d3e168dda0c2891f6c343fc2936f8245139ea09683d2726a1b920bdb5", size = 3108946, upload-time = "2025-10-25T13:15:42.014Z" },
    { url = "https://files.pythonhosted.org/packages/97/33/7b2c4c281ef50c73b930fcc62c6b0d7b59f2e7626384b0f481bd47969ac0/lief-0.17.1-cp314-cp314-manylinux2014_aarch64.whl", hash = "sha256:54de530262d7dad925523102bfdbc2ead26aa5ba8819e539ac7373a4ba8868c5", size = 3674227, upload-time = "2025-10-25T13:15:43.851Z" },
    { url = "https://files.pythonhosted.org/packages/e8/1b/856c810b58ae0ec1bb70528a7bd0de948ee305aac65279983f9c90b36bb9/lief-0.17.1-cp314-cp314-manylinux_2_28_i686.whl", hash = "sha256:203019139646cd2be6a43e0f216b1463af2f6cb00c4c8006ccf6c62cb2aa2eda", size = 3501777, upload-time = "2025-10-25T13:15:45.262Z" },
    { url = "https://files.pythonhosted.org/packages/40/db/44ace7c9ee3fb04a4a9fbdb238e3254d5a6e18a4b062d7e7825407ae4d5b/lief-0.17.1-cp314-cp314-manylinux_2_28_x86_64.whl", hash = "sha256:50864f0c57a5702849c662d01c80b1ec030a92867beffb977d264f46fd658c06", size = 3406898, upload-time = "2025-10-25T13:15:47.651Z" },
    { url = "https://files.pythonhosted.org/packages/3e/2e/af4858319460901f2383633e16c027361a8af5b5997b8f56fdf06656916a/lief-0.17.1-cp314-cp314-musllinux_1_2_aarch64.whl", hash = "sha256:616b8eb51f9205a1bc90945487040522573306bfd7a4d0b8f838b61ff060b1a2", size = 3591598, upload-time = "2025-10-25T13:15:49.485Z" },
    { url = "https://files.pythonhosted.org/packages/4a/ba/3d243e001450aafbfbe9271e7065662de2cee4a621109227fa06331d7c11/lief-0.17.1-cp314-cp314-musllinux_1_2_i686.whl", hash = "sha256:770c9fc5852050f3ff5f08d9a702d228114aa27a8385f1d72e2497b73fdecb27", size = 3958244, upload-time = "2025-10-25T13:15:51.288Z" },
    { url = "https://files.pythonhosted.org/packages/be/14/328481f91545f6efa22ca04ef6bc6078447d199c42c752b07ae0c65eda96/lief-0.17.1-cp314-cp314-musllinux_1_2_x86_64.whl", hash = "sha256:f73391aaf3848b81ed130928cba06a239d225de590be1e067701e05fd0b33aae", size = 3707511, upload-time = "2025-10-25T13:15:53.053Z" },
    { url = "https://files.pythonhosted.org/packages/8f/e5/a5452e109c6a55deaa73a49c34130980d99debabe3f37b8d86b67b2fb382/lief-0.17.1-cp314-cp314-win32.whl", hash = "sha256:f610d5937df9de86962733673f1a2b5255931c50b004e614728e83cbb0620057", size = 3459541, upload-time = "2025-10-25T13:15:54.877Z" },
    { url = "https://files.pythonhosted.org/packages/7f/d0/b4c959a340dd391df1f6b4c2958920f9272bc45b6b45f8af657b9377e09b/lief-0.17.1-cp314-cp314-win_amd64.whl", hash = "sha256:3dadb33cad8cf01d78a5eb12fb660ed1a06619f0baade38b606fd151e87436e2", size = 3637731, upload-time = "2025-10-25T13:15:56.644Z" },
]

[[package]]
name = "pastel"
version = "0.2.1"
source = { registry = "https://pypi.org/simple" }
sdist = { url = "https://files.pythonhosted.org/packages/76/f1/4594f5e0fcddb6953e5b8fe00da8c317b8b41b547e2b3ae2da7512943c62/pastel-0.2.1.tar.gz", hash = "sha256:e6581ac04e973cac858828c6202c1e1e81fee1dc7de7683f3e1ffe0bfd8a573d", size = 7555, upload-time = "2020-09-16T19:21:12.43Z" }
wheels = [
    { url = "https://files.pythonhosted.org/packages/aa/18/a8444036c6dd65ba3624c63b734d3ba95ba63ace513078e1580590075d21/pastel-0.2.1-py2.py3-none-any.whl", hash = "sha256:4349225fcdf6c2bb34d483e523475de5bb04a5c10ef711263452cb37d7dd4364", size = 5955, upload-time = "2020-09-16T19:21:11.409Z" },
]

[[package]]
name = "poethepoet"
version = "0.38.0"
source = { registry = "https://pypi.org/simple" }
dependencies = [
    { name = "pastel" },
    { name = "pyyaml" },
]
sdist = { url = "https://files.pythonhosted.org/packages/4d/14/d1f795f314c4bf3ad6d64216e370bdfda73093ed76e979485778b655a7ac/poethepoet-0.38.0.tar.gz", hash = "sha256:aeeb2f0a2cf0d3afa833976eff3ac7b8f5e472ae64171824900d79d3c68163c7", size = 77339, upload-time = "2025-11-23T13:51:28.246Z" }
wheels = [
    { url = "https://files.pythonhosted.org/packages/38/89/2bf7d43ef4b0d60f446933ae9d3649f95c2c45c47b6736d121b602c28361/poethepoet-0.38.0-py3-none-any.whl", hash = "sha256:214bd9fcb348ff3dfd1466579d67e0c02242451a7044aced1a79641adef9cad0", size = 101938, upload-time = "2025-11-23T13:51:26.518Z" },
]

[[package]]
name = "pyyaml"
version = "6.0.3"
source = { registry = "https://pypi.org/simple" }
sdist = { url = "https://files.pythonhosted.org/packages/05/8e/961c0007c59b8dd7729d542c61a4d537767a59645b82a0b521206e1e25c2/pyyaml-6.0.3.tar.gz", hash = "sha256:d76623373421df22fb4cf8817020cbb7ef15c725b9d5e45f17e189bfc384190f", size = 130960, upload-time = "2025-09-25T21:33:16.546Z" }
wheels = [
    { url = "https://files.pythonhosted.org/packages/d1/33/422b98d2195232ca1826284a76852ad5a86fe23e31b009c9886b2d0fb8b2/pyyaml-6.0.3-cp312-cp312-macosx_10_13_x86_64.whl", hash = "sha256:7f047e29dcae44602496db43be01ad42fc6f1cc0d8cd6c83d342306c32270196", size = 182063, upload-time = "2025-09-25T21:32:11.445Z" },
    { url = "https://files.pythonhosted.org/packages/89/a0/6cf41a19a1f2f3feab0e9c0b74134aa2ce6849093d5517a0c550fe37a648/pyyaml-6.0.3-cp312-cp312-macosx_11_0_arm64.whl", hash = "sha256:fc09d0aa354569bc501d4e787133afc08552722d3ab34836a80547331bb5d4a0", size = 173973, upload-time = "2025-09-25T21:32:12.492Z" },
    { url = "https://files.pythonhosted.org/packages/ed/23/7a778b6bd0b9a8039df8b1b1d80e2e2ad78aa04171592c8a5c43a56a6af4/pyyaml-6.0.3-cp312-cp312-manylinux2014_aarch64.manylinux_2_17_aarch64.manylinux_2_28_aarch64.whl", hash = "sha256:9149cad251584d5fb4981be1ecde53a1ca46c891a79788c0df828d2f166bda28", size = 775116, upload-time = "2025-09-25T21:32:13.652Z" },
    { url = "https://files.pythonhosted.org/packages/65/30/d7353c338e12baef4ecc1b09e877c1970bd3382789c159b4f89d6a70dc09/pyyaml-6.0.3-cp312-cp312-manylinux2014_s390x.manylinux_2_17_s390x.manylinux_2_28_s390x.whl", hash = "sha256:5fdec68f91a0c6739b380c83b951e2c72ac0197ace422360e6d5a959d8d97b2c", size = 844011, upload-time = "2025-09-25T21:32:15.21Z" },
    { url = "https://files.pythonhosted.org/packages/8b/9d/b3589d3877982d4f2329302ef98a8026e7f4443c765c46cfecc8858c6b4b/pyyaml-6.0.3-cp312-cp312-manylinux2014_x86_64.manylinux_2_17_x86_64.manylinux_2_28_x86_64.whl", hash = "sha256:ba1cc08a7ccde2d2ec775841541641e4548226580ab850948cbfda66a1befcdc", size = 807870, upload-time = "2025-09-25T21:32:16.431Z" },
    { url = "https://files.pythonhosted.org/packages/05/c0/b3be26a015601b822b97d9149ff8cb5ead58c66f981e04fedf4e762f4bd4/pyyaml-6.0.3-cp312-cp312-musllinux_1_2_aarch64.whl", hash = "sha256:8dc52c23056b9ddd46818a57b78404882310fb473d63f17b07d5c40421e47f8e", size = 761089, upload-time = "2025-09-25T21:32:17.56Z" },
    { url = "https://files.pythonhosted.org/packages/be/8e/98435a21d1d4b46590d5459a22d88128103f8da4c2d4cb8f14f2a96504e1/pyyaml-6.0.3-cp312-cp312-musllinux_1_2_x86_64.whl", hash = "sha256:41715c910c881bc081f1e8872880d3c650acf13dfa8214bad49ed4cede7c34ea", size = 790181, upload-time = "2025-09-25T21:32:18.834Z" },
    { url = "https://files.pythonhosted.org/packages/74/93/7baea19427dcfbe1e5a372d81473250b379f04b1bd3c4c5ff825e2327202/pyyaml-6.0.3-cp312-cp312-win32.whl", hash = "sha256:96b533f0e99f6579b3d4d4995707cf36df9100d67e0c8303a0c55b27b5f99bc5", size = 137658, upload-time = "2025-09-25T21:32:20.209Z" },
    { url = "https://files.pythonhosted.org/packages/86/bf/899e81e4cce32febab4fb42bb97dcdf66bc135272882d1987881a4b519e9/pyyaml-6.0.3-cp312-cp312-win_amd64.whl", hash = "sha256:5fcd34e47f6e0b794d17de1b4ff496c00986e1c83f7ab2fb8fcfe9616ff7477b", size = 154003, upload-time = "2025-09-25T21:32:21.167Z" },
    { url = "https://files.pythonhosted.org/packages/1a/08/67bd04656199bbb51dbed1439b7f27601dfb576fb864099c7ef0c3e55531/pyyaml-6.0.3-cp312-cp312-win_arm64.whl", hash = "sha256:64386e5e707d03a7e172c0701abfb7e10f0fb753ee1d773128192742712a98fd", size = 140344, upload-time = "2025-09-25T21:32:22.617Z" },
    { url = "https://files.pythonhosted.org/packages/d1/11/0fd08f8192109f7169db964b5707a2f1e8b745d4e239b784a5a1dd80d1db/pyyaml-6.0.3-cp313-cp313-macosx_10_13_x86_64.whl", hash = "sha256:8da9669d359f02c0b91ccc01cac4a67f16afec0dac22c2ad09f46bee0697eba8", size = 181669, upload-time = "2025-09-25T21:32:23.673Z" },
    { url = "https://files.pythonhosted.org/packages/b1/16/95309993f1d3748cd644e02e38b75d50cbc0d9561d21f390a76242ce073f/pyyaml-6.0.3-cp313-cp313-macosx_11_0_arm64.whl", hash = "sha256:2283a07e2c21a2aa78d9c4442724ec1eb15f5e42a723b99cb3d822d48f5f7ad1", size = 173252, upload-time = "2025-09-25T21:32:25.149Z" },
    { url = "https://files.pythonhosted.org/packages/50/31/b20f376d3f810b9b2371e72ef5adb33879b25edb7a6d072cb7ca0c486398/pyyaml-6.0.3-cp313-cp313-manylinux2014_aarch64.manylinux_2_17_aarch64.manylinux_2_28_aarch64.whl", hash = "sha256:ee2922902c45ae8ccada2c5b501ab86c36525b883eff4255313a253a3160861c", size = 767081, upload-time = "2025-09-25T21:32:26.575Z" },
    { url = "https://files.pythonhosted.org/packages/49/1e/a55ca81e949270d5d4432fbbd19dfea5321eda7c41a849d443dc92fd1ff7/pyyaml-6.0.3-cp313-cp313-manylinux2014_s390x.manylinux_2_17_s390x.manylinux_2_28_s390x.whl", hash = "sha256:a33284e20b78bd4a18c8c2282d549d10bc8408a2a7ff57653c0cf0b9be0afce5", size = 841159, upload-time = "2025-09-25T21:32:27.727Z" },
    { url = "https://files.pythonhosted.org/packages/74/27/e5b8f34d02d9995b80abcef563ea1f8b56d20134d8f4e5e81733b1feceb2/pyyaml-6.0.3-cp313-cp313-manylinux2014_x86_64.manylinux_2_17_x86_64.manylinux_2_28_x86_64.whl", hash = "sha256:0f29edc409a6392443abf94b9cf89ce99889a1dd5376d94316ae5145dfedd5d6", size = 801626, upload-time = "2025-09-25T21:32:28.878Z" },
    { url = "https://files.pythonhosted.org/packages/f9/11/ba845c23988798f40e52ba45f34849aa8a1f2d4af4b798588010792ebad6/pyyaml-6.0.3-cp313-cp313-musllinux_1_2_aarch64.whl", hash = "sha256:f7057c9a337546edc7973c0d3ba84ddcdf0daa14533c2065749c9075001090e6", size = 753613, upload-time = "2025-09-25T21:32:30.178Z" },
    { url = "https://files.pythonhosted.org/packages/3d/e0/7966e1a7bfc0a45bf0a7fb6b98ea03fc9b8d84fa7f2229e9659680b69ee3/pyyaml-6.0.3-cp313-cp313-musllinux_1_2_x86_64.whl", hash = "sha256:eda16858a3cab07b80edaf74336ece1f986ba330fdb8ee0d6c0d68fe82bc96be", size = 794115, upload-time = "2025-09-25T21:32:31.353Z" },
    { url = "https://files.pythonhosted.org/packages/de/94/980b50a6531b3019e45ddeada0626d45fa85cbe22300844a7983285bed3b/pyyaml-6.0.3-cp313-cp313-win32.whl", hash = "sha256:d0eae10f8159e8fdad514efdc92d74fd8d682c933a6dd088030f3834bc8e6b26", size = 137427, upload-time = "2025-09-25T21:32:32.58Z" },
    { url = "https://files.pythonhosted.org/packages/97/c9/39d5b874e8b28845e4ec2202b5da735d0199dbe5b8fb85f91398814a9a46/pyyaml-6.0.3-cp313-cp313-win_amd64.whl", hash = "sha256:79005a0d97d5ddabfeeea4cf676af11e647e41d81c9a7722a193022accdb6b7c", size = 154090, upload-time = "2025-09-25T21:32:33.659Z" },
    { url = "https://files.pythonhosted.org/packages/73/e8/2bdf3ca2090f68bb3d75b44da7bbc71843b19c9f2b9cb9b0f4ab7a5a4329/pyyaml-6.0.3-cp313-cp313-win_arm64.whl", hash = "sha256:5498cd1645aa724a7c71c8f378eb29ebe23da2fc0d7a08071d89469bf1d2defb", size = 140246, upload-time = "2025-09-25T21:32:34.663Z" },
    { url = "https://files.pythonhosted.org/packages/9d/8c/f4bd7f6465179953d3ac9bc44ac1a8a3e6122cf8ada906b4f96c60172d43/pyyaml-6.0.3-cp314-cp314-macosx_10_13_x86_64.whl", hash = "sha256:8d1fab6bb153a416f9aeb4b8763bc0f22a5586065f86f7664fc23339fc1c1fac", size = 181814, upload-time = "2025-09-25T21:32:35.712Z" },
    { url = "https://files.pythonhosted.org/packages/bd/9c/4d95bb87eb2063d20db7b60faa3840c1b18025517ae857371c4dd55a6b3a/pyyaml-6.0.3-cp314-cp314-macosx_11_0_arm64.whl", hash = "sha256:34d5fcd24b8445fadc33f9cf348c1047101756fd760b4dacb5c3e99755703310", size = 173809, upload-time = "2025-09-25T21:32:36.789Z" },
    { url = "https://files.pythonhosted.org/packages/92/b5/47e807c2623074914e29dabd16cbbdd4bf5e9b2db9f8090fa64411fc5382/pyyaml-6.0.3-cp314-cp314-manylinux2014_aarch64.manylinux_2_17_aarch64.manylinux_2_28_aarch64.whl", hash = "sha256:501a031947e3a9025ed4405a168e6ef5ae3126c59f90ce0cd6f2bfc477be31b7", size = 766454, upload-time = "2025-09-25T21:32:37.966Z" },
    { url = "https://files.pythonhosted.org/packages/02/9e/e5e9b168be58564121efb3de6859c452fccde0ab093d8438905899a3a483/pyyaml-6.0.3-cp314-cp314-manylinux2014_s390x.manylinux_2_17_s390x.manylinux_2_28_s390x.whl", hash = "sha256:b3bc83488de33889877a0f2543ade9f70c67d66d9ebb4ac959502e12de895788", size = 836355, upload-time = "2025-09-25T21:32:39.178Z" },
    { url = "https://files.pythonhosted.org/packages/88/f9/16491d7ed2a919954993e48aa941b200f38040928474c9e85ea9e64222c3/pyyaml-6.0.3-cp314-cp314-manylinux2014_x86_64.manylinux_2_17_x86_64.manylinux_2_28_x86_64.whl", hash = "sha256:c458b6d084f9b935061bc36216e8a69a7e293a2f1e68bf956dcd9e6cbcd143f5", size = 794175, upload-time = "2025-09-25T21:32:40.865Z" },
    { url = "https://files.pythonhosted.org/packages/dd/3f/5989debef34dc6397317802b527dbbafb2b4760878a53d4166579111411e/pyyaml-6.0.3-cp314-cp314-musllinux_1_2_aarch64.whl", hash = "sha256:7c6610def4f163542a622a73fb39f534f8c101d690126992300bf3207eab9764", size = 755228, upload-time = "2025-09-25T21:32:42.084Z" },
    { url = "https://files.pythonhosted.org/packages/d7/ce/af88a49043cd2e265be63d083fc75b27b6ed062f5f9fd6cdc223ad62f03e/pyyaml-6.0.3-cp314-cp314-musllinux_1_2_x86_64.whl", hash = "sha256:5190d403f121660ce8d1d2c1bb2ef1bd05b5f68533fc5c2ea899bd15f4399b35", size = 789194, upload-time = "2025-09-25T21:32:43.362Z" },
    { url = "https://files.pythonhosted.org/packages/23/20/bb6982b26a40bb43951265ba29d4c246ef0ff59c9fdcdf0ed04e0687de4d/pyyaml-6.0.3-cp314-cp314-win_amd64.whl", hash = "sha256:4a2e8cebe2ff6ab7d1050ecd59c25d4c8bd7e6f400f5f82b96557ac0abafd0ac", size = 156429, upload-time = "2025-09-25T21:32:57.844Z" },
    { url = "https://files.pythonhosted.org/packages/f4/f4/a4541072bb9422c8a883ab55255f918fa378ecf083f5b85e87fc2b4eda1b/pyyaml-6.0.3-cp314-cp314-win_arm64.whl", hash = "sha256:93dda82c9c22deb0a405ea4dc5f2d0cda384168e466364dec6255b293923b2f3", size = 143912, upload-time = "2025-09-25T21:32:59.247Z" },
    { url = "https://files.pythonhosted.org/packages/7c/f9/07dd09ae774e4616edf6cda684ee78f97777bdd15847253637a6f052a62f/pyyaml-6.0.3-cp314-cp314t-macosx_10_13_x86_64.whl", hash = "sha256:02893d100e99e03eda1c8fd5c441d8c60103fd175728e23e431db1b589cf5ab3", size = 189108, upload-time = "2025-09-25T21:32:44.377Z" },
    { url = "https://files.pythonhosted.org/packages/4e/78/8d08c9fb7ce09ad8c38ad533c1191cf27f7ae1effe5bb9400a46d9437fcf/pyyaml-6.0.3-cp314-cp314t-macosx_11_0_arm64.whl", hash = "sha256:c1ff362665ae507275af2853520967820d9124984e0f7466736aea23d8611fba", size = 183641, upload-time = "2025-09-25T21:32:45.407Z" },
    { url = "https://files.pythonhosted.org/packages/7b/5b/3babb19104a46945cf816d047db2788bcaf8c94527a805610b0289a01c6b/pyyaml-6.0.3-cp314-cp314t-manylinux2014_aarch64.manylinux_2_17_aarch64.manylinux_2_28_aarch64.whl", hash = "sha256:6adc77889b628398debc7b65c073bcb99c4a0237b248cacaf3fe8a557563ef6c", size = 831901, upload-time = "2025-09-25T21:32:48.83Z" },
    { url = "https://files.pythonhosted.org/packages/8b/cc/dff0684d8dc44da4d22a13f35f073d558c268780ce3c6ba1b87055bb0b87/pyyaml-6.0.3-cp314-cp314t-manylinux2014_s390x.manylinux_2_17_s390x.manylinux_2_28_s390x.whl", hash = "sha256:a80cb027f6b349846a3bf6d73b5e95e782175e52f22108cfa17876aaeff93702", size = 861132, upload-time = "2025-09-25T21:32:50.149Z" },
    { url = "https://files.pythonhosted.org/packages/b1/5e/f77dc6b9036943e285ba76b49e118d9ea929885becb0a29ba8a7c75e29fe/pyyaml-6.0.3-cp314-cp314t-manylinux2014_x86_64.manylinux_2_17_x86_64.manylinux_2_28_x86_64.whl", hash = "sha256:00c4bdeba853cc34e7dd471f16b4114f4162dc03e6b7afcc2128711f0eca823c", size = 839261, upload-time = "2025-09-25T21:32:51.808Z" },
    { url = "https://files.pythonhosted.org/packages/ce/88/a9db1376aa2a228197c58b37302f284b5617f56a5d959fd1763fb1675ce6/pyyaml-6.0.3-cp314-cp314t-musllinux_1_2_aarch64.whl", hash = "sha256:66e1674c3ef6f541c35191caae2d429b967b99e02040f5ba928632d9a7f0f065", size = 805272, upload-time = "2025-09-25T21:32:52.941Z" },
    { url = "https://files.pythonhosted.org/packages/da/92/1446574745d74df0c92e6aa4a7b0b3130706a4142b2d1a5869f2eaa423c6/pyyaml-6.0.3-cp314-cp314t-musllinux_1_2_x86_64.whl", hash = "sha256:16249ee61e95f858e83976573de0f5b2893b3677ba71c9dd36b9cf8be9ac6d65", size = 829923, upload-time = "2025-09-25T21:32:54.537Z" },
    { url = "https://files.pythonhosted.org/packages/f0/7a/1c7270340330e575b92f397352af856a8c06f230aa3e76f86b39d01b416a/pyyaml-6.0.3-cp314-cp314t-win_amd64.whl", hash = "sha256:4ad1906908f2f5ae4e5a8ddfce73c320c2a1429ec52eafd27138b7f1cbe341c9", size = 174062, upload-time = "2025-09-25T21:32:55.767Z" },
    { url = "https://files.pythonhosted.org/packages/f1/12/de94a39c2ef588c7e6455cfbe7343d3b2dc9d6b6b2f40c4c6565744c873d/pyyaml-6.0.3-cp314-cp314t-win_arm64.whl", hash = "sha256:ebc55a14a21cb14062aa4162f906cd962b28e2e9ea38f9b4391244cd8de4ae0b", size = 149341, upload-time = "2025-09-25T21:32:56.828Z" },
]

[[package]]
name = "ruff"
version = "0.14.10"
source = { registry = "https://pypi.org/simple" }
sdist = { url = "https://files.pythonhosted.org/packages/57/08/52232a877978dd8f9cf2aeddce3e611b40a63287dfca29b6b8da791f5e8d/ruff-0.14.10.tar.gz", hash = "sha256:9a2e830f075d1a42cd28420d7809ace390832a490ed0966fe373ba288e77aaf4", size = 5859763, upload-time = "2025-12-18T19:28:57.98Z" }
wheels = [
    { url = "https://files.pythonhosted.org/packages/60/01/933704d69f3f05ee16ef11406b78881733c186fe14b6a46b05cfcaf6d3b2/ruff-0.14.10-py3-none-linux_armv6l.whl", hash = "sha256:7a3ce585f2ade3e1f29ec1b92df13e3da262178df8c8bdf876f48fa0e8316c49", size = 13527080, upload-time = "2025-12-18T19:29:25.642Z" },
    { url = "https://files.pythonhosted.org/packages/df/58/a0349197a7dfa603ffb7f5b0470391efa79ddc327c1e29c4851e85b09cc5/ruff-0.14.10-py3-none-macosx_10_12_x86_64.whl", hash = "sha256:674f9be9372907f7257c51f1d4fc902cb7cf014b9980152b802794317941f08f", size = 13797320, upload-time = "2025-12-18T19:29:02.571Z" },
    { url = "https://files.pythonhosted.org/packages/7b/82/36be59f00a6082e38c23536df4e71cdbc6af8d7c707eade97fcad5c98235/ruff-0.14.10-py3-none-macosx_11_0_arm64.whl", hash = "sha256:d85713d522348837ef9df8efca33ccb8bd6fcfc86a2cde3ccb4bc9d28a18003d", size = 12918434, upload-time = "2025-12-18T19:28:51.202Z" },
    { url = "https://files.pythonhosted.org/packages/a6/00/45c62a7f7e34da92a25804f813ebe05c88aa9e0c25e5cb5a7d23dd7450e3/ruff-0.14.10-py3-none-manylinux_2_17_aarch64.manylinux2014_aarch64.whl", hash = "sha256:6987ebe0501ae4f4308d7d24e2d0fe3d7a98430f5adfd0f1fead050a740a3a77", size = 13371961, upload-time = "2025-12-18T19:29:04.991Z" },
    { url = "https://files.pythonhosted.org/packages/40/31/a5906d60f0405f7e57045a70f2d57084a93ca7425f22e1d66904769d1628/ruff-0.14.10-py3-none-manylinux_2_17_armv7l.manylinux2014_armv7l.whl", hash = "sha256:16a01dfb7b9e4eee556fbfd5392806b1b8550c9b4a9f6acd3dbe6812b193c70a", size = 13275629, upload-time = "2025-12-18T19:29:21.381Z" },
    { url = "https://files.pythonhosted.org/packages/3e/60/61c0087df21894cf9d928dc04bcd4fb10e8b2e8dca7b1a276ba2155b2002/ruff-0.14.10-py3-none-manylinux_2_17_i686.manylinux2014_i686.whl", hash = "sha256:7165d31a925b7a294465fa81be8c12a0e9b60fb02bf177e79067c867e71f8b1f", size = 14029234, upload-time = "2025-12-18T19:29:00.132Z" },
    { url = "https://files.pythonhosted.org/packages/44/84/77d911bee3b92348b6e5dab5a0c898d87084ea03ac5dc708f46d88407def/ruff-0.14.10-py3-none-manylinux_2_17_ppc64.manylinux2014_ppc64.whl", hash = "sha256:c561695675b972effb0c0a45db233f2c816ff3da8dcfbe7dfc7eed625f218935", size = 15449890, upload-time = "2025-12-18T19:28:53.573Z" },
    { url = "https://files.pythonhosted.org/packages/e9/36/480206eaefa24a7ec321582dda580443a8f0671fdbf6b1c80e9c3e93a16a/ruff-0.14.10-py3-none-manylinux_2_17_ppc64le.manylinux2014_ppc64le.whl", hash = "sha256:4bb98fcbbc61725968893682fd4df8966a34611239c9fd07a1f6a07e7103d08e", size = 15123172, upload-time = "2025-12-18T19:29:23.453Z" },
    { url = "https://files.pythonhosted.org/packages/5c/38/68e414156015ba80cef5473d57919d27dfb62ec804b96180bafdeaf0e090/ruff-0.14.10-py3-none-manylinux_2_17_s390x.manylinux2014_s390x.whl", hash = "sha256:f24b47993a9d8cb858429e97bdf8544c78029f09b520af615c1d261bf827001d", size = 14460260, upload-time = "2025-12-18T19:29:27.808Z" },
    { url = "https://files.pythonhosted.org/packages/b3/19/9e050c0dca8aba824d67cc0db69fb459c28d8cd3f6855b1405b3f29cc91d/ruff-0.14.10-py3-none-manylinux_2_17_x86_64.manylinux2014_x86_64.whl", hash = "sha256:59aabd2e2c4fd614d2862e7939c34a532c04f1084476d6833dddef4afab87e9f", size = 14229978, upload-time = "2025-12-18T19:29:11.32Z" },
    { url = "https://files.pythonhosted.org/packages/51/eb/e8dd1dd6e05b9e695aa9dd420f4577debdd0f87a5ff2fedda33c09e9be8c/ruff-0.14.10-py3-none-manylinux_2_31_riscv64.whl", hash = "sha256:213db2b2e44be8625002dbea33bb9c60c66ea2c07c084a00d55732689d697a7f", size = 14338036, upload-time = "2025-12-18T19:29:09.184Z" },
    { url = "https://files.pythonhosted.org/packages/6a/12/f3e3a505db7c19303b70af370d137795fcfec136d670d5de5391e295c134/ruff-0.14.10-py3-none-musllinux_1_2_aarch64.whl", hash = "sha256:b914c40ab64865a17a9a5b67911d14df72346a634527240039eb3bd650e5979d", size = 13264051, upload-time = "2025-12-18T19:29:13.431Z" },
    { url = "https://files.pythonhosted.org/packages/08/64/8c3a47eaccfef8ac20e0484e68e0772013eb85802f8a9f7603ca751eb166/ruff-0.14.10-py3-none-musllinux_1_2_armv7l.whl", hash = "sha256:1484983559f026788e3a5c07c81ef7d1e97c1c78ed03041a18f75df104c45405", size = 13283998, upload-time = "2025-12-18T19:29:06.994Z" },
    { url = "https://files.pythonhosted.org/packages/12/84/534a5506f4074e5cc0529e5cd96cfc01bb480e460c7edf5af70d2bcae55e/ruff-0.14.10-py3-none-musllinux_1_2_i686.whl", hash = "sha256:c70427132db492d25f982fffc8d6c7535cc2fd2c83fc8888f05caaa248521e60", size = 13601891, upload-time = "2025-12-18T19:28:55.811Z" },
    { url = "https://files.pythonhosted.org/packages/0d/1e/14c916087d8598917dbad9b2921d340f7884824ad6e9c55de948a93b106d/ruff-0.14.10-py3-none-musllinux_1_2_x86_64.whl", hash = "sha256:5bcf45b681e9f1ee6445d317ce1fa9d6cba9a6049542d1c3d5b5958986be8830", size = 14336660, upload-time = "2025-12-18T19:29:16.531Z" },
    { url = "https://files.pythonhosted.org/packages/f2/1c/d7b67ab43f30013b47c12b42d1acd354c195351a3f7a1d67f59e54227ede/ruff-0.14.10-py3-none-win32.whl", hash = "sha256:104c49fc7ab73f3f3a758039adea978869a918f31b73280db175b43a2d9b51d6", size = 13196187, upload-time = "2025-12-18T19:29:19.006Z" },
    { url = "https://files.pythonhosted.org/packages/fb/9c/896c862e13886fae2af961bef3e6312db9ebc6adc2b156fe95e615dee8c1/ruff-0.14.10-py3-none-win_amd64.whl", hash = "sha256:466297bd73638c6bdf06485683e812db1c00c7ac96d4ddd0294a338c62fdc154", size = 14661283, upload-time = "2025-12-18T19:29:30.16Z" },
    { url = "https://files.pythonhosted.org/packages/74/31/b0e29d572670dca3674eeee78e418f20bdf97fa8aa9ea71380885e175ca0/ruff-0.14.10-py3-none-win_arm64.whl", hash = "sha256:e51d046cf6dda98a4633b8a8a771451107413b0f07183b2bef03f075599e44e6", size = 13729839, upload-time = "2025-12-18T19:28:48.636Z" },
]

[[package]]
name = "ty"
version = "0.0.5"
source = { registry = "https://pypi.org/simple" }
sdist = { url = "https://files.pythonhosted.org/packages/9e/db/6299d478000f4f1c6f9bf2af749359381610ffc4cbe6713b66e436ecf6e7/ty-0.0.5.tar.gz", hash = "sha256:983da6330773ff71e2b249810a19c689f9a0372f6e21bbf7cde37839d05b4346", size = 4806218, upload-time = "2025-12-20T21:19:17.24Z" }
wheels = [
    { url = "https://files.pythonhosted.org/packages/7c/98/c1f61ba378b4191e641bb36c07b7fcc70ff844d61be7a4bf2fea7472b4a9/ty-0.0.5-py3-none-linux_armv6l.whl", hash = "sha256:1594cd9bb68015eb2f5a3c68a040860f3c9306dc6667d7a0e5f4df9967b460e2", size = 9785554, upload-time = "2025-12-20T21:19:05.024Z" },
    { url = "https://files.pythonhosted.org/packages/ab/f9/b37b77c03396bd779c1397dae4279b7ad79315e005b3412feed8812a4256/ty-0.0.5-py3-none-macosx_10_12_x86_64.whl", hash = "sha256:7c0140ba980233d28699d9ddfe8f43d0b3535d6a3bbff9935df625a78332a3cf", size = 9603995, upload-time = "2025-12-20T21:19:15.256Z" },
    { url = "https://files.pythonhosted.org/packages/7d/70/4e75c11903b0e986c0203040472627cb61d6a709e1797fb08cdf9d565743/ty-0.0.5-py3-none-macosx_11_0_arm64.whl", hash = "sha256:15de414712cde92048ae4b1a77c4dc22920bd23653fe42acaf73028bad88f6b9", size = 9145815, upload-time = "2025-12-20T21:19:36.481Z" },
    { url = "https://files.pythonhosted.org/packages/89/05/93983dfcf871a41dfe58e5511d28e6aa332a1f826cc67333f77ae41a2f8a/ty-0.0.5-py3-none-manylinux_2_17_aarch64.manylinux2014_aarch64.whl", hash = "sha256:438aa51ad6c5fae64191f8d58876266e26f9250cf09f6624b6af47a22fa88618", size = 9619849, upload-time = "2025-12-20T21:19:19.084Z" },
    { url = "https://files.pythonhosted.org/packages/82/b6/896ab3aad59f846823f202e94be6016fb3f72434d999d2ae9bd0f28b3af9/ty-0.0.5-py3-none-manylinux_2_17_armv7l.manylinux2014_armv7l.whl", hash = "sha256:1b3d373fd96af1564380caf153600481c676f5002ee76ba8a7c3508cdff82ee0", size = 9606611, upload-time = "2025-12-20T21:19:24.583Z" },
    { url = "https://files.pythonhosted.org/packages/ca/ae/098e33fc92330285ed843e2750127e896140c4ebd2d73df7732ea496f588/ty-0.0.5-py3-none-manylinux_2_17_i686.manylinux2014_i686.whl", hash = "sha256:8453692503212ad316cf8b99efbe85a91e5f63769c43be5345e435a1b16cba5a", size = 10029523, upload-time = "2025-12-20T21:19:07.055Z" },
    { url = "https://files.pythonhosted.org/packages/04/5a/f4b4c33758b9295e9aca0de9645deca0f4addd21d38847228723a6e780fc/ty-0.0.5-py3-none-manylinux_2_17_ppc64.manylinux2014_ppc64.whl", hash = "sha256:2e4c454139473abbd529767b0df7a795ed828f780aef8d0d4b144558c0dc4446", size = 10870892, upload-time = "2025-12-20T21:19:34.495Z" },
    { url = "https://files.pythonhosted.org/packages/c3/c5/4e3e7e88389365aa1e631c99378711cf0c9d35a67478cb4720584314cf44/ty-0.0.5-py3-none-manylinux_2_17_ppc64le.manylinux2014_ppc64le.whl", hash = "sha256:426d4f3b82475b1ec75f3cc9ee5a667c8a4ae8441a09fcd8e823a53b706d00c7", size = 10599291, upload-time = "2025-12-20T21:19:26.557Z" },
    { url = "https://files.pythonhosted.org/packages/c1/5d/138f859ea87bd95e17b9818e386ae25a910e46521c41d516bf230ed83ffc/ty-0.0.5-py3-none-manylinux_2_17_s390x.manylinux2014_s390x.whl", hash = "sha256:5710817b67c6b2e4c0224e4f319b7decdff550886e9020f6d46aa1ce8f89a609", size = 10413515, upload-time = "2025-12-20T21:19:11.094Z" },
    { url = "https://files.pythonhosted.org/packages/27/21/1cbcd0d3b1182172f099e88218137943e0970603492fb10c7c9342369d9a/ty-0.0.5-py3-none-manylinux_2_17_x86_64.manylinux2014_x86_64.whl", hash = "sha256:e23c55ef08882c7c5ced1ccb90b4eeefa97f690aea254f58ac0987896c590f76", size = 10144992, upload-time = "2025-12-20T21:19:13.225Z" },
    { url = "https://files.pythonhosted.org/packages/ad/30/fdac06a5470c09ad2659a0806497b71f338b395d59e92611f71b623d05a0/ty-0.0.5-py3-none-musllinux_1_2_aarch64.whl", hash = "sha256:b9e4c1a28a23b14cf8f4f793f4da396939f16c30bfa7323477c8cc234e352ac4", size = 9606408, upload-time = "2025-12-20T21:19:09.212Z" },
    { url = "https://files.pythonhosted.org/packages/09/93/e99dcd7f53295192d03efd9cbcec089a916f49cad4935c0160ea9adbd53d/ty-0.0.5-py3-none-musllinux_1_2_armv7l.whl", hash = "sha256:4e9ebb61529b9745af662e37c37a01ad743cdd2c95f0d1421705672874d806cd", size = 9630040, upload-time = "2025-12-20T21:19:38.165Z" },
    { url = "https://files.pythonhosted.org/packages/d7/f8/6d1e87186e4c35eb64f28000c1df8fd5f73167ce126c5e3dd21fd1204a23/ty-0.0.5-py3-none-musllinux_1_2_i686.whl", hash = "sha256:5eb191a8e332f50f56dfe45391bdd7d43dd4ef6e60884710fd7ce84c5d8c1eb5", size = 9754016, upload-time = "2025-12-20T21:19:32.79Z" },
    { url = "https://files.pythonhosted.org/packages/28/e6/20f989342cb3115852dda404f1d89a10a3ce93f14f42b23f095a3d1a00c9/ty-0.0.5-py3-none-musllinux_1_2_x86_64.whl", hash = "sha256:92ed7451a1e82ee134a2c24ca43b74dd31e946dff2b08e5c34473e6b051de542", size = 10252877, upload-time = "2025-12-20T21:19:20.787Z" },
    { url = "https://files.pythonhosted.org/packages/57/9d/fc66fa557443233dfad9ae197ff3deb70ae0efcfb71d11b30ef62f5cdcc3/ty-0.0.5-py3-none-win32.whl", hash = "sha256:71f6707e4c1c010c158029a688a498220f28bb22fdb6707e5c20e09f11a5e4f2", size = 9212640, upload-time = "2025-12-20T21:19:30.817Z" },
    { url = "https://files.pythonhosted.org/packages/68/b6/05c35f6dea29122e54af0e9f8dfedd0a100c721affc8cc801ebe2bc2ed13/ty-0.0.5-py3-none-win_amd64.whl", hash = "sha256:2b8b754a0d7191e94acdf0c322747fec34371a4d0669f5b4e89549aef28814ae", size = 10034701, upload-time = "2025-12-20T21:19:28.311Z" },
    { url = "https://files.pythonhosted.org/packages/df/ca/4201ed5cb2af73912663d0c6ded927c28c28b3c921c9348aa8d2cfef4853/ty-0.0.5-py3-none-win_arm64.whl", hash = "sha256:83bea5a5296caac20d52b790ded2b830a7ff91c4ed9f36730fe1f393ceed6654", size = 9566474, upload-time = "2025-12-20T21:19:22.518Z" },
]
